
Microsoft Visual Studio Solution File, Format Version 12.00
# Visual Studio Version 16
VisualStudioVersion = 16.0.31624.102
MinimumVisualStudioVersion = 10.0.40219.1
Project("{9A19103F-16F7-4668-BE54-9A1E7A4F7556}") = "Server", "Server.csproj", "{A3FFA8E1-F23F-46BC-99C3-B41FAE255A63}"
EndProject
Project("{FAE04EC0-301F-11D3-BF4B-00C04F79EFBC}") = "poc-NominationAPI", "..\poc-NominationAPI\poc-NominationAPI.csproj", "{4EF57933-8795-43CA-85F9-967C178CDF16}"
EndProject
Global
	GlobalSection(SolutionConfigurationPlatforms) = preSolution
		Debug|Any CPU = Debug|Any CPU
		Release|Any CPU = Release|Any CPU
	EndGlobalSection
	GlobalSection(ProjectConfigurationPlatforms) = postSolution
		{A3FFA8E1-F23F-46BC-99C3-B41FAE255A63}.Debug|Any CPU.ActiveCfg = Debug|Any CPU
		{A3FFA8E1-F23F-46BC-99C3-B41FAE255A63}.Debug|Any CPU.Build.0 = Debug|Any CPU
		{A3FFA8E1-F23F-46BC-99C3-B41FAE255A63}.Release|Any CPU.ActiveCfg = Release|Any CPU
		{A3FFA8E1-F23F-46BC-99C3-B41FAE255A63}.Release|Any CPU.Build.0 = Release|Any CPU
		{4EF57933-8795-43CA-85F9-967C178CDF16}.Debug|Any CPU.ActiveCfg = Debug|Any CPU
		{4EF57933-8795-43CA-85F9-967C178CDF16}.Debug|Any CPU.Build.0 = Debug|Any CPU
		{4EF57933-8795-43CA-85F9-967C178CDF16}.Release|Any CPU.ActiveCfg = Release|Any CPU
		{4EF57933-8795-43CA-85F9-967C178CDF16}.Release|Any CPU.Build.0 = Release|Any CPU
	EndGlobalSection
	GlobalSection(SolutionProperties) = preSolution
		HideSolutionNode = FALSE
	EndGlobalSection
	GlobalSection(ExtensibilityGlobals) = postSolution
		SolutionGuid = {E518C199-716F-4AA0-849F-39E6B0B0BFF5}
	EndGlobalSection
EndGlobal
